
Microsoft Visual Studio Solution File, Format Version 12.00
# Visual Studio Version 17
VisualStudioVersion = 17.6.33829.357
MinimumVisualStudioVersion = 10.0.40219.1
Project("{FAE04EC0-301F-11D3-BF4B-00C04F79EFBC}") = "WPF_PR", "WPF_PR.csproj", "{279F4FC5-B570-47F4-AE86-126B09F1792E}"
EndProject
Global
	GlobalSection(SolutionConfigurationPlatforms) = preSolution
		Debug|Any CPU = Debug|Any CPU
		Release|Any CPU = Release|Any CPU
	EndGlobalSection
	GlobalSection(ProjectConfigurationPlatforms) = postSolution
		{279F4FC5-B570-47F4-AE86-126B09F1792E}.Debug|Any CPU.ActiveCfg = Debug|Any CPU
		{279F4FC5-B570-47F4-AE86-126B09F1792E}.Debug|Any CPU.Build.0 = Debug|Any CPU
		{279F4FC5-B570-47F4-AE86-126B09F1792E}.Release|Any CPU.ActiveCfg = Release|Any CPU
		{279F4FC5-B570-47F4-AE86-126B09F1792E}.Release|Any CPU.Build.0 = Release|Any CPU
	EndGlobalSection
	GlobalSection(SolutionProperties) = preSolution
		HideSolutionNode = FALSE
	EndGlobalSection
	GlobalSection(ExtensibilityGlobals) = postSolution
		SolutionGuid = {F0DD8BE1-D601-4313-BE8C-3169A0A2D8C0}
	EndGlobalSection
EndGlobal
